// !$*UTF8*$!
{
	archiveVersion = 1;
	classes = {
	};
	objectVersion = 46;
	objects = {

/* Begin PBXBuildFile section */
		6530DD42354842EEFF726D1B /* Pods_MYDemoTests.framework in Frameworks */ = {isa = PBXBuildFile; fileRef = 22FBC737EBAA13680A190F1E /* Pods_MYDemoTests.framework */; };
		8622B79132CDC3AC1032DD74 /* Pods_MYDemo.framework in Frameworks */ = {isa = PBXBuildFile; fileRef = 373F7A6DB017F92C982716E6 /* Pods_MYDemo.framework */; };
		A304976B1F034FB1009AFCE6 /* MYViewController.swift in Sources */ = {isa = PBXBuildFile; fileRef = A304976A1F034FB1009AFCE6 /* MYViewController.swift */; };
		A304976D1F035B1A009AFCE6 /* BaseTableViewController.swift in Sources */ = {isa = PBXBuildFile; fileRef = A304976C1F035B1A009AFCE6 /* BaseTableViewController.swift */; };
		A33B4BA11EFE5AA200785855 /* AppDelegate.swift in Sources */ = {isa = PBXBuildFile; fileRef = A33B4BA01EFE5AA200785855 /* AppDelegate.swift */; };
		A33B4BA61EFE5AA200785855 /* Main.storyboard in Resources */ = {isa = PBXBuildFile; fileRef = A33B4BA41EFE5AA200785855 /* Main.storyboard */; };
		A33B4BA81EFE5AA200785855 /* Assets.xcassets in Resources */ = {isa = PBXBuildFile; fileRef = A33B4BA71EFE5AA200785855 /* Assets.xcassets */; };
		A33B4BAB1EFE5AA200785855 /* LaunchScreen.storyboard in Resources */ = {isa = PBXBuildFile; fileRef = A33B4BA91EFE5AA200785855 /* LaunchScreen.storyboard */; };
		A33B4BB61EFE5AA200785855 /* MYDemoTests.swift in Sources */ = {isa = PBXBuildFile; fileRef = A33B4BB51EFE5AA200785855 /* MYDemoTests.swift */; };
		A33B4BC11EFE5AA200785855 /* MYDemoUITests.swift in Sources */ = {isa = PBXBuildFile; fileRef = A33B4BC01EFE5AA200785855 /* MYDemoUITests.swift */; };
		A33B4BD31EFE5E2E00785855 /* ConstFile.swift in Sources */ = {isa = PBXBuildFile; fileRef = A33B4BD21EFE5E2E00785855 /* ConstFile.swift */; };
		A33B4BD51EFE5FD400785855 /* UIcolor+Extension.swift in Sources */ = {isa = PBXBuildFile; fileRef = A33B4BD41EFE5FD400785855 /* UIcolor+Extension.swift */; };
		A33B4BD91EFE612F00785855 /* RootTableViewController.swift in Sources */ = {isa = PBXBuildFile; fileRef = A33B4BD81EFE612F00785855 /* RootTableViewController.swift */; };
		A33B4BDB1EFE62CC00785855 /* QRCodeViewController.swift in Sources */ = {isa = PBXBuildFile; fileRef = A33B4BDA1EFE62CC00785855 /* QRCodeViewController.swift */; };
		A33B4BE01EFE659300785855 /* 扫一扫.png in Resources */ = {isa = PBXBuildFile; fileRef = A33B4BDD1EFE659300785855 /* 扫一扫.png */; };
		A33B4BE11EFE659300785855 /* icon_torch@2x.png in Resources */ = {isa = PBXBuildFile; fileRef = A33B4BDE1EFE659300785855 /* icon_torch@2x.png */; };
		A33B4BE21EFE659300785855 /* QRline@2x.png in Resources */ = {isa = PBXBuildFile; fileRef = A33B4BDF1EFE659300785855 /* QRline@2x.png */; };
		A3B4178F1F01E9D1002D42C3 /* NetworkRequests.swift in Sources */ = {isa = PBXBuildFile; fileRef = A3B4178E1F01E9D1002D42C3 /* NetworkRequests.swift */; };
		A3B417921F025DAD002D42C3 /* MineViewController.swift in Sources */ = {isa = PBXBuildFile; fileRef = A3B417911F025DAD002D42C3 /* MineViewController.swift */; };
		A3B417941F025E68002D42C3 /* BaseViewController.swift in Sources */ = {isa = PBXBuildFile; fileRef = A3B417931F025E68002D42C3 /* BaseViewController.swift */; };
		A3B417961F0261F6002D42C3 /* UIView+Extension.swift in Sources */ = {isa = PBXBuildFile; fileRef = A3B417951F0261F6002D42C3 /* UIView+Extension.swift */; };
		A3D6F4401F0099D10070EE35 /* QRView.swift in Sources */ = {isa = PBXBuildFile; fileRef = A3D6F43F1F0099D10070EE35 /* QRView.swift */; };
		F58E9575AC6A336D2704FDE6 /* Pods_MYDemoUITests.framework in Frameworks */ = {isa = PBXBuildFile; fileRef = 5FBC7106CB89A232C509F887 /* Pods_MYDemoUITests.framework */; };
/* End PBXBuildFile section */

/* Begin PBXContainerItemProxy section */
		A33B4BB21EFE5AA200785855 /* PBXContainerItemProxy */ = {
			isa = PBXContainerItemProxy;
			containerPortal = A33B4B951EFE5AA200785855 /* Project object */;
			proxyType = 1;
			remoteGlobalIDString = A33B4B9C1EFE5AA200785855;
			remoteInfo = MYDemo;
		};
		A33B4BBD1EFE5AA200785855 /* PBXContainerItemProxy */ = {
			isa = PBXContainerItemProxy;
			containerPortal = A33B4B951EFE5AA200785855 /* Project object */;
			proxyType = 1;
			remoteGlobalIDString = A33B4B9C1EFE5AA200785855;
			remoteInfo = MYDemo;
		};
/* End PBXContainerItemProxy section */

/* Begin PBXFileReference section */
		00CDD7D4053B53EE015102C7 /* Pods-MYDemoUITests.debug.xcconfig */ = {isa = PBXFileReference; includeInIndex = 1; lastKnownFileType = text.xcconfig; name = "Pods-MYDemoUITests.debug.xcconfig"; path = "Pods/Target Support Files/Pods-MYDemoUITests/Pods-MYDemoUITests.debug.xcconfig"; sourceTree = "<group>"; };
		22FBC737EBAA13680A190F1E /* Pods_MYDemoTests.framework */ = {isa = PBXFileReference; explicitFileType = wrapper.framework; includeInIndex = 0; path = Pods_MYDemoTests.framework; sourceTree = BUILT_PRODUCTS_DIR; };
		373F7A6DB017F92C982716E6 /* Pods_MYDemo.framework */ = {isa = PBXFileReference; explicitFileType = wrapper.framework; includeInIndex = 0; path = Pods_MYDemo.framework; sourceTree = BUILT_PRODUCTS_DIR; };
		40A579860BD965E9F2E131E9 /* Pods-MYDemoTests.release.xcconfig */ = {isa = PBXFileReference; includeInIndex = 1; lastKnownFileType = text.xcconfig; name = "Pods-MYDemoTests.release.xcconfig"; path = "Pods/Target Support Files/Pods-MYDemoTests/Pods-MYDemoTests.release.xcconfig"; sourceTree = "<group>"; };
		5FBC7106CB89A232C509F887 /* Pods_MYDemoUITests.framework */ = {isa = PBXFileReference; explicitFileType = wrapper.framework; includeInIndex = 0; path = Pods_MYDemoUITests.framework; sourceTree = BUILT_PRODUCTS_DIR; };
		8329D19F6B6A5901A55B4B7C /* Pods-MYDemoTests.debug.xcconfig */ = {isa = PBXFileReference; includeInIndex = 1; lastKnownFileType = text.xcconfig; name = "Pods-MYDemoTests.debug.xcconfig"; path = "Pods/Target Support Files/Pods-MYDemoTests/Pods-MYDemoTests.debug.xcconfig"; sourceTree = "<group>"; };
		9E59D92E1122316F72A78BBE /* Pods-MYDemoUITests.release.xcconfig */ = {isa = PBXFileReference; includeInIndex = 1; lastKnownFileType = text.xcconfig; name = "Pods-MYDemoUITests.release.xcconfig"; path = "Pods/Target Support Files/Pods-MYDemoUITests/Pods-MYDemoUITests.release.xcconfig"; sourceTree = "<group>"; };
		A304976A1F034FB1009AFCE6 /* MYViewController.swift */ = {isa = PBXFileReference; fileEncoding = 4; lastKnownFileType = sourcecode.swift; path = MYViewController.swift; sourceTree = "<group>"; };
		A304976C1F035B1A009AFCE6 /* BaseTableViewController.swift */ = {isa = PBXFileReference; fileEncoding = 4; lastKnownFileType = sourcecode.swift; path = BaseTableViewController.swift; sourceTree = "<group>"; };
		A33B4B9D1EFE5AA200785855 /* MYDemo.app */ = {isa = PBXFileReference; explicitFileType = wrapper.application; includeInIndex = 0; path = MYDemo.app; sourceTree = BUILT_PRODUCTS_DIR; };
		A33B4BA01EFE5AA200785855 /* AppDelegate.swift */ = {isa = PBXFileReference; lastKnownFileType = sourcecode.swift; path = AppDelegate.swift; sourceTree = "<group>"; };
		A33B4BA51EFE5AA200785855 /* Base */ = {isa = PBXFileReference; lastKnownFileType = file.storyboard; name = Base; path = Base.lproj/Main.storyboard; sourceTree = "<group>"; };
		A33B4BA71EFE5AA200785855 /* Assets.xcassets */ = {isa = PBXFileReference; lastKnownFileType = folder.assetcatalog; path = Assets.xcassets; sourceTree = "<group>"; };
		A33B4BAA1EFE5AA200785855 /* Base */ = {isa = PBXFileReference; lastKnownFileType = file.storyboard; name = Base; path = Base.lproj/LaunchScreen.storyboard; sourceTree = "<group>"; };
		A33B4BAC1EFE5AA200785855 /* Info.plist */ = {isa = PBXFileReference; lastKnownFileType = text.plist.xml; path = Info.plist; sourceTree = "<group>"; };
		A33B4BB11EFE5AA200785855 /* MYDemoTests.xctest */ = {isa = PBXFileReference; explicitFileType = wrapper.cfbundle; includeInIndex = 0; path = MYDemoTests.xctest; sourceTree = BUILT_PRODUCTS_DIR; };
		A33B4BB51EFE5AA200785855 /* MYDemoTests.swift */ = {isa = PBXFileReference; lastKnownFileType = sourcecode.swift; path = MYDemoTests.swift; sourceTree = "<group>"; };
		A33B4BB71EFE5AA200785855 /* Info.plist */ = {isa = PBXFileReference; lastKnownFileType = text.plist.xml; path = Info.plist; sourceTree = "<group>"; };
		A33B4BBC1EFE5AA200785855 /* MYDemoUITests.xctest */ = {isa = PBXFileReference; explicitFileType = wrapper.cfbundle; includeInIndex = 0; path = MYDemoUITests.xctest; sourceTree = BUILT_PRODUCTS_DIR; };
		A33B4BC01EFE5AA200785855 /* MYDemoUITests.swift */ = {isa = PBXFileReference; lastKnownFileType = sourcecode.swift; path = MYDemoUITests.swift; sourceTree = "<group>"; };
		A33B4BC21EFE5AA200785855 /* Info.plist */ = {isa = PBXFileReference; lastKnownFileType = text.plist.xml; path = Info.plist; sourceTree = "<group>"; };
		A33B4BD21EFE5E2E00785855 /* ConstFile.swift */ = {isa = PBXFileReference; fileEncoding = 4; lastKnownFileType = sourcecode.swift; path = ConstFile.swift; sourceTree = "<group>"; };
		A33B4BD41EFE5FD400785855 /* UIcolor+Extension.swift */ = {isa = PBXFileReference; fileEncoding = 4; lastKnownFileType = sourcecode.swift; path = "UIcolor+Extension.swift"; sourceTree = "<group>"; };
		A33B4BD81EFE612F00785855 /* RootTableViewController.swift */ = {isa = PBXFileReference; fileEncoding = 4; lastKnownFileType = sourcecode.swift; path = RootTableViewController.swift; sourceTree = "<group>"; };
		A33B4BDA1EFE62CC00785855 /* QRCodeViewController.swift */ = {isa = PBXFileReference; fileEncoding = 4; lastKnownFileType = sourcecode.swift; path = QRCodeViewController.swift; sourceTree = "<group>"; };
		A33B4BDD1EFE659300785855 /* 扫一扫.png */ = {isa = PBXFileReference; lastKnownFileType = image.png; path = "扫一扫.png"; sourceTree = "<group>"; };
		A33B4BDE1EFE659300785855 /* icon_torch@2x.png */ = {isa = PBXFileReference; lastKnownFileType = image.png; path = "icon_torch@2x.png"; sourceTree = "<group>"; };
		A33B4BDF1EFE659300785855 /* QRline@2x.png */ = {isa = PBXFileReference; lastKnownFileType = image.png; path = "QRline@2x.png"; sourceTree = "<group>"; };
		A3B4178E1F01E9D1002D42C3 /* NetworkRequests.swift */ = {isa = PBXFileReference; fileEncoding = 4; lastKnownFileType = sourcecode.swift; path = NetworkRequests.swift; sourceTree = "<group>"; };
		A3B417911F025DAD002D42C3 /* MineViewController.swift */ = {isa = PBXFileReference; fileEncoding = 4; lastKnownFileType = sourcecode.swift; path = MineViewController.swift; sourceTree = "<group>"; };
		A3B417931F025E68002D42C3 /* BaseViewController.swift */ = {isa = PBXFileReference; fileEncoding = 4; lastKnownFileType = sourcecode.swift; path = BaseViewController.swift; sourceTree = "<group>"; };
		A3B417951F0261F6002D42C3 /* UIView+Extension.swift */ = {isa = PBXFileReference; fileEncoding = 4; lastKnownFileType = sourcecode.swift; path = "UIView+Extension.swift"; sourceTree = "<group>"; };
		A3D6F43F1F0099D10070EE35 /* QRView.swift */ = {isa = PBXFileReference; fileEncoding = 4; lastKnownFileType = sourcecode.swift; path = QRView.swift; sourceTree = "<group>"; };
		BDDFFDBD0CAF770317B90DB1 /* Pods-MYDemo.debug.xcconfig */ = {isa = PBXFileReference; includeInIndex = 1; lastKnownFileType = text.xcconfig; name = "Pods-MYDemo.debug.xcconfig"; path = "Pods/Target Support Files/Pods-MYDemo/Pods-MYDemo.debug.xcconfig"; sourceTree = "<group>"; };
		CC15A15EA1A83B76966EE42D /* Pods-MYDemo.release.xcconfig */ = {isa = PBXFileReference; includeInIndex = 1; lastKnownFileType = text.xcconfig; name = "Pods-MYDemo.release.xcconfig"; path = "Pods/Target Support Files/Pods-MYDemo/Pods-MYDemo.release.xcconfig"; sourceTree = "<group>"; };
/* End PBXFileReference section */

/* Begin PBXFrameworksBuildPhase section */
		A33B4B9A1EFE5AA200785855 /* Frameworks */ = {
			isa = PBXFrameworksBuildPhase;
			buildActionMask = 2147483647;
			files = (
				8622B79132CDC3AC1032DD74 /* Pods_MYDemo.framework in Frameworks */,
			);
			runOnlyForDeploymentPostprocessing = 0;
		};
		A33B4BAE1EFE5AA200785855 /* Frameworks */ = {
			isa = PBXFrameworksBuildPhase;
			buildActionMask = 2147483647;
			files = (
				6530DD42354842EEFF726D1B /* Pods_MYDemoTests.framework in Frameworks */,
			);
			runOnlyForDeploymentPostprocessing = 0;
		};
		A33B4BB91EFE5AA200785855 /* Frameworks */ = {
			isa = PBXFrameworksBuildPhase;
			buildActionMask = 2147483647;
			files = (
				F58E9575AC6A336D2704FDE6 /* Pods_MYDemoUITests.framework in Frameworks */,
			);
			runOnlyForDeploymentPostprocessing = 0;
		};
/* End PBXFrameworksBuildPhase section */

/* Begin PBXGroup section */
		68045C8B71C6B44C55A00A62 /* Pods */ = {
			isa = PBXGroup;
			children = (
				BDDFFDBD0CAF770317B90DB1 /* Pods-MYDemo.debug.xcconfig */,
				CC15A15EA1A83B76966EE42D /* Pods-MYDemo.release.xcconfig */,
				8329D19F6B6A5901A55B4B7C /* Pods-MYDemoTests.debug.xcconfig */,
				40A579860BD965E9F2E131E9 /* Pods-MYDemoTests.release.xcconfig */,
				00CDD7D4053B53EE015102C7 /* Pods-MYDemoUITests.debug.xcconfig */,
				9E59D92E1122316F72A78BBE /* Pods-MYDemoUITests.release.xcconfig */,
			);
			name = Pods;
			sourceTree = "<group>";
		};
		9AEC681852871ACAC8C4E15F /* Frameworks */ = {
			isa = PBXGroup;
			children = (
				373F7A6DB017F92C982716E6 /* Pods_MYDemo.framework */,
				22FBC737EBAA13680A190F1E /* Pods_MYDemoTests.framework */,
				5FBC7106CB89A232C509F887 /* Pods_MYDemoUITests.framework */,
			);
			name = Frameworks;
			sourceTree = "<group>";
		};
		A33B4B941EFE5AA200785855 = {
			isa = PBXGroup;
			children = (
				A33B4B9F1EFE5AA200785855 /* MYDemo */,
				A33B4BB41EFE5AA200785855 /* MYDemoTests */,
				A33B4BBF1EFE5AA200785855 /* MYDemoUITests */,
				A33B4B9E1EFE5AA200785855 /* Products */,
				68045C8B71C6B44C55A00A62 /* Pods */,
				9AEC681852871ACAC8C4E15F /* Frameworks */,
			);
			sourceTree = "<group>";
		};
		A33B4B9E1EFE5AA200785855 /* Products */ = {
			isa = PBXGroup;
			children = (
				A33B4B9D1EFE5AA200785855 /* MYDemo.app */,
				A33B4BB11EFE5AA200785855 /* MYDemoTests.xctest */,
				A33B4BBC1EFE5AA200785855 /* MYDemoUITests.xctest */,
			);
			name = Products;
			sourceTree = "<group>";
		};
		A33B4B9F1EFE5AA200785855 /* MYDemo */ = {
			isa = PBXGroup;
			children = (
				A33B4BA01EFE5AA200785855 /* AppDelegate.swift */,
				A33B4BA41EFE5AA200785855 /* Main.storyboard */,
				A33B4BD81EFE612F00785855 /* RootTableViewController.swift */,
				A33B4BD61EFE60AD00785855 /* Module */,
				A33B4BCE1EFE5DD200785855 /* Recources */,
				A33B4BCF1EFE5DD200785855 /* Extension */,
				A33B4BD01EFE5DD200785855 /* Libs */,
				A33B4BD11EFE5DD200785855 /* Tools */,
				A33B4BA71EFE5AA200785855 /* Assets.xcassets */,
				A33B4BA91EFE5AA200785855 /* LaunchScreen.storyboard */,
				A33B4BAC1EFE5AA200785855 /* Info.plist */,
			);
			path = MYDemo;
			sourceTree = "<group>";
		};
		A33B4BB41EFE5AA200785855 /* MYDemoTests */ = {
			isa = PBXGroup;
			children = (
				A33B4BB51EFE5AA200785855 /* MYDemoTests.swift */,
				A33B4BB71EFE5AA200785855 /* Info.plist */,
			);
			path = MYDemoTests;
			sourceTree = "<group>";
		};
		A33B4BBF1EFE5AA200785855 /* MYDemoUITests */ = {
			isa = PBXGroup;
			children = (
				A33B4BC01EFE5AA200785855 /* MYDemoUITests.swift */,
				A33B4BC21EFE5AA200785855 /* Info.plist */,
			);
			path = MYDemoUITests;
			sourceTree = "<group>";
		};
		A33B4BCE1EFE5DD200785855 /* Recources */ = {
			isa = PBXGroup;
			children = (
				A33B4BDC1EFE657D00785855 /* QRCode */,
			);
			path = Recources;
			sourceTree = "<group>";
		};
		A33B4BCF1EFE5DD200785855 /* Extension */ = {
			isa = PBXGroup;
			children = (
				A33B4BD41EFE5FD400785855 /* UIcolor+Extension.swift */,
				A3B417951F0261F6002D42C3 /* UIView+Extension.swift */,
			);
			path = Extension;
			sourceTree = "<group>";
		};
		A33B4BD01EFE5DD200785855 /* Libs */ = {
			isa = PBXGroup;
			children = (
			);
			path = Libs;
			sourceTree = "<group>";
		};
		A33B4BD11EFE5DD200785855 /* Tools */ = {
			isa = PBXGroup;
			children = (
				A33B4BD21EFE5E2E00785855 /* ConstFile.swift */,
				A3B4178E1F01E9D1002D42C3 /* NetworkRequests.swift */,
			);
			path = Tools;
			sourceTree = "<group>";
		};
		A33B4BD61EFE60AD00785855 /* Module */ = {
			isa = PBXGroup;
			children = (
				A33B4BD71EFE610800785855 /* QRCode */,
				A3B417901F025D78002D42C3 /* Mine */,
				A3B417931F025E68002D42C3 /* BaseViewController.swift */,
				A304976C1F035B1A009AFCE6 /* BaseTableViewController.swift */,
			);
			name = Module;
			sourceTree = "<group>";
		};
		A33B4BD71EFE610800785855 /* QRCode */ = {
			isa = PBXGroup;
			children = (
				A33B4BDA1EFE62CC00785855 /* QRCodeViewController.swift */,
				A3D6F43F1F0099D10070EE35 /* QRView.swift */,
			);
			path = QRCode;
			sourceTree = "<group>";
		};
		A33B4BDC1EFE657D00785855 /* QRCode */ = {
			isa = PBXGroup;
			children = (
				A33B4BDD1EFE659300785855 /* 扫一扫.png */,
				A33B4BDE1EFE659300785855 /* icon_torch@2x.png */,
				A33B4BDF1EFE659300785855 /* QRline@2x.png */,
			);
			name = QRCode;
			sourceTree = "<group>";
		};
		A3B417901F025D78002D42C3 /* Mine */ = {
			isa = PBXGroup;
			children = (
				A3B417911F025DAD002D42C3 /* MineViewController.swift */,
				A304976A1F034FB1009AFCE6 /* MYViewController.swift */,
			);
			path = Mine;
			sourceTree = "<group>";
		};
/* End PBXGroup section */

/* Begin PBXNativeTarget section */
		A33B4B9C1EFE5AA200785855 /* MYDemo */ = {
			isa = PBXNativeTarget;
			buildConfigurationList = A33B4BC51EFE5AA200785855 /* Build configuration list for PBXNativeTarget "MYDemo" */;
			buildPhases = (
				A637A7935BD68F5406C0C2F0 /* [CP] Check Pods Manifest.lock */,
				A33B4B991EFE5AA200785855 /* Sources */,
				A33B4B9A1EFE5AA200785855 /* Frameworks */,
				A33B4B9B1EFE5AA200785855 /* Resources */,
				613E901CF61012B33981FA3E /* [CP] Embed Pods Frameworks */,
				52DC075A01EFE5A0AF28A510 /* [CP] Copy Pods Resources */,
			);
			buildRules = (
			);
			dependencies = (
			);
			name = MYDemo;
			productName = MYDemo;
			productReference = A33B4B9D1EFE5AA200785855 /* MYDemo.app */;
			productType = "com.apple.product-type.application";
		};
		A33B4BB01EFE5AA200785855 /* MYDemoTests */ = {
			isa = PBXNativeTarget;
			buildConfigurationList = A33B4BC81EFE5AA200785855 /* Build configuration list for PBXNativeTarget "MYDemoTests" */;
			buildPhases = (
				8FE50BAF23F42CD02D2333E5 /* [CP] Check Pods Manifest.lock */,
				A33B4BAD1EFE5AA200785855 /* Sources */,
				A33B4BAE1EFE5AA200785855 /* Frameworks */,
				A33B4BAF1EFE5AA200785855 /* Resources */,
				13A94B4FB92F825E105A0D74 /* [CP] Embed Pods Frameworks */,
				BA9FF327A5704BACD5046ADF /* [CP] Copy Pods Resources */,
			);
			buildRules = (
			);
			dependencies = (
				A33B4BB31EFE5AA200785855 /* PBXTargetDependency */,
			);
			name = MYDemoTests;
			productName = MYDemoTests;
			productReference = A33B4BB11EFE5AA200785855 /* MYDemoTests.xctest */;
			productType = "com.apple.product-type.bundle.unit-test";
		};
		A33B4BBB1EFE5AA200785855 /* MYDemoUITests */ = {
			isa = PBXNativeTarget;
			buildConfigurationList = A33B4BCB1EFE5AA200785855 /* Build configuration list for PBXNativeTarget "MYDemoUITests" */;
			buildPhases = (
				7E1FCD82441FA9FBC0111531 /* [CP] Check Pods Manifest.lock */,
				A33B4BB81EFE5AA200785855 /* Sources */,
				A33B4BB91EFE5AA200785855 /* Frameworks */,
				A33B4BBA1EFE5AA200785855 /* Resources */,
				DEE13FBB154ED01799AC52A2 /* [CP] Embed Pods Frameworks */,
				820A0A3C09A3899225D7D7E9 /* [CP] Copy Pods Resources */,
			);
			buildRules = (
			);
			dependencies = (
				A33B4BBE1EFE5AA200785855 /* PBXTargetDependency */,
			);
			name = MYDemoUITests;
			productName = MYDemoUITests;
			productReference = A33B4BBC1EFE5AA200785855 /* MYDemoUITests.xctest */;
			productType = "com.apple.product-type.bundle.ui-testing";
		};
/* End PBXNativeTarget section */

/* Begin PBXProject section */
		A33B4B951EFE5AA200785855 /* Project object */ = {
			isa = PBXProject;
			attributes = {
				LastSwiftUpdateCheck = 0830;
				LastUpgradeCheck = 0830;
				ORGANIZATIONNAME = yyc;
				TargetAttributes = {
					A33B4B9C1EFE5AA200785855 = {
						CreatedOnToolsVersion = 8.3.2;
						DevelopmentTeam = ADH9RR8C6M;
						ProvisioningStyle = Automatic;
					};
					A33B4BB01EFE5AA200785855 = {
						CreatedOnToolsVersion = 8.3.2;
						DevelopmentTeam = ADH9RR8C6M;
						ProvisioningStyle = Automatic;
						TestTargetID = A33B4B9C1EFE5AA200785855;
					};
					A33B4BBB1EFE5AA200785855 = {
						CreatedOnToolsVersion = 8.3.2;
						DevelopmentTeam = ADH9RR8C6M;
						ProvisioningStyle = Automatic;
						TestTargetID = A33B4B9C1EFE5AA200785855;
					};
				};
			};
			buildConfigurationList = A33B4B981EFE5AA200785855 /* Build configuration list for PBXProject "MYDemo" */;
			compatibilityVersion = "Xcode 3.2";
			developmentRegion = English;
			hasScannedForEncodings = 0;
			knownRegions = (
				en,
				Base,
			);
			mainGroup = A33B4B941EFE5AA200785855;
			productRefGroup = A33B4B9E1EFE5AA200785855 /* Products */;
			projectDirPath = "";
			projectRoot = "";
			targets = (
				A33B4B9C1EFE5AA200785855 /* MYDemo */,
				A33B4BB01EFE5AA200785855 /* MYDemoTests */,
				A33B4BBB1EFE5AA200785855 /* MYDemoUITests */,
			);
		};
/* End PBXProject section */

/* Begin PBXResourcesBuildPhase section */
		A33B4B9B1EFE5AA200785855 /* Resources */ = {
			isa = PBXResourcesBuildPhase;
			buildActionMask = 2147483647;
			files = (
				A33B4BE11EFE659300785855 /* icon_torch@2x.png in Resources */,
				A33B4BE01EFE659300785855 /* 扫一扫.png in Resources */,
				A33B4BAB1EFE5AA200785855 /* LaunchScreen.storyboard in Resources */,
				A33B4BE21EFE659300785855 /* QRline@2x.png in Resources */,
				A33B4BA81EFE5AA200785855 /* Assets.xcassets in Resources */,
				A33B4BA61EFE5AA200785855 /* Main.storyboard in Resources */,
			);
			runOnlyForDeploymentPostprocessing = 0;
		};
		A33B4BAF1EFE5AA200785855 /* Resources */ = {
			isa = PBXResourcesBuildPhase;
			buildActionMask = 2147483647;
			files = (
			);
			runOnlyForDeploymentPostprocessing = 0;
		};
		A33B4BBA1EFE5AA200785855 /* Resources */ = {
			isa = PBXResourcesBuildPhase;
			buildActionMask = 2147483647;
			files = (
			);
			runOnlyForDeploymentPostprocessing = 0;
		};
/* End PBXResourcesBuildPhase section */

/* Begin PBXShellScriptBuildPhase section */
		13A94B4FB92F825E105A0D74 /* [CP] Embed Pods Frameworks */ = {
			isa = PBXShellScriptBuildPhase;
			buildActionMask = 2147483647;
			files = (
			);
			inputPaths = (
			);
			name = "[CP] Embed Pods Frameworks";
			outputPaths = (
			);
			runOnlyForDeploymentPostprocessing = 0;
			shellPath = /bin/sh;
			shellScript = "\"${SRCROOT}/Pods/Target Support Files/Pods-MYDemoTests/Pods-MYDemoTests-frameworks.sh\"\n";
			showEnvVarsInLog = 0;
		};
		52DC075A01EFE5A0AF28A510 /* [CP] Copy Pods Resources */ = {
			isa = PBXShellScriptBuildPhase;
			buildActionMask = 2147483647;
			files = (
			);
			inputPaths = (
			);
			name = "[CP] Copy Pods Resources";
			outputPaths = (
			);
			runOnlyForDeploymentPostprocessing = 0;
			shellPath = /bin/sh;
			shellScript = "\"${SRCROOT}/Pods/Target Support Files/Pods-MYDemo/Pods-MYDemo-resources.sh\"\n";
			showEnvVarsInLog = 0;
		};
		613E901CF61012B33981FA3E /* [CP] Embed Pods Frameworks */ = {
			isa = PBXShellScriptBuildPhase;
			buildActionMask = 2147483647;
			files = (
			);
			inputPaths = (
			);
			name = "[CP] Embed Pods Frameworks";
			outputPaths = (
			);
			runOnlyForDeploymentPostprocessing = 0;
			shellPath = /bin/sh;
			shellScript = "\"${SRCROOT}/Pods/Target Support Files/Pods-MYDemo/Pods-MYDemo-frameworks.sh\"\n";
			showEnvVarsInLog = 0;
		};
		7E1FCD82441FA9FBC0111531 /* [CP] Check Pods Manifest.lock */ = {
			isa = PBXShellScriptBuildPhase;
			buildActionMask = 2147483647;
			files = (
			);
			inputPaths = (
			);
			name = "[CP] Check Pods Manifest.lock";
			outputPaths = (
			);
			runOnlyForDeploymentPostprocessing = 0;
			shellPath = /bin/sh;
			shellScript = "diff \"${PODS_PODFILE_DIR_PATH}/Podfile.lock\" \"${PODS_ROOT}/Manifest.lock\" > /dev/null\nif [ $? != 0 ] ; then\n    # print error to STDERR\n    echo \"error: The sandbox is not in sync with the Podfile.lock. Run 'pod install' or update your CocoaPods installation.\" >&2\n    exit 1\nfi\n";
			showEnvVarsInLog = 0;
		};
		820A0A3C09A3899225D7D7E9 /* [CP] Copy Pods Resources */ = {
			isa = PBXShellScriptBuildPhase;
			buildActionMask = 2147483647;
			files = (
			);
			inputPaths = (
			);
			name = "[CP] Copy Pods Resources";
			outputPaths = (
			);
			runOnlyForDeploymentPostprocessing = 0;
			shellPath = /bin/sh;
			shellScript = "\"${SRCROOT}/Pods/Target Support Files/Pods-MYDemoUITests/Pods-MYDemoUITests-resources.sh\"\n";
			showEnvVarsInLog = 0;
		};
		8FE50BAF23F42CD02D2333E5 /* [CP] Check Pods Manifest.lock */ = {
			isa = PBXShellScriptBuildPhase;
			buildActionMask = 2147483647;
			files = (
			);
			inputPaths = (
			);
			name = "[CP] Check Pods Manifest.lock";
			outputPaths = (
			);
			runOnlyForDeploymentPostprocessing = 0;
			shellPath = /bin/sh;
			shellScript = "diff \"${PODS_PODFILE_DIR_PATH}/Podfile.lock\" \"${PODS_ROOT}/Manifest.lock\" > /dev/null\nif [ $? != 0 ] ; then\n    # print error to STDERR\n    echo \"error: The sandbox is not in sync with the Podfile.lock. Run 'pod install' or update your CocoaPods installation.\" >&2\n    exit 1\nfi\n";
			showEnvVarsInLog = 0;
		};
		A637A7935BD68F5406C0C2F0 /* [CP] Check Pods Manifest.lock */ = {
			isa = PBXShellScriptBuildPhase;
			buildActionMask = 2147483647;
			files = (
			);
			inputPaths = (
			);
			name = "[CP] Check Pods Manifest.lock";
			outputPaths = (
			);
			runOnlyForDeploymentPostprocessing = 0;
			shellPath = /bin/sh;
			shellScript = "diff \"${PODS_PODFILE_DIR_PATH}/Podfile.lock\" \"${PODS_ROOT}/Manifest.lock\" > /dev/null\nif [ $? != 0 ] ; then\n    # print error to STDERR\n    echo \"error: The sandbox is not in sync with the Podfile.lock. Run 'pod install' or update your CocoaPods installation.\" >&2\n    exit 1\nfi\n";
			showEnvVarsInLog = 0;
		};
		BA9FF327A5704BACD5046ADF /* [CP] Copy Pods Resources */ = {
			isa = PBXShellScriptBuildPhase;
			buildActionMask = 2147483647;
			files = (
			);
			inputPaths = (
			);
			name = "[CP] Copy Pods Resources";
			outputPaths = (
			);
			runOnlyForDeploymentPostprocessing = 0;
			shellPath = /bin/sh;
			shellScript = "\"${SRCROOT}/Pods/Target Support Files/Pods-MYDemoTests/Pods-MYDemoTests-resources.sh\"\n";
			showEnvVarsInLog = 0;
		};
		DEE13FBB154ED01799AC52A2 /* [CP] Embed Pods Frameworks */ = {
			isa = PBXShellScriptBuildPhase;
			buildActionMask = 2147483647;
			files = (
			);
			inputPaths = (
			);
			name = "[CP] Embed Pods Frameworks";
			outputPaths = (
			);
			runOnlyForDeploymentPostprocessing = 0;
			shellPath = /bin/sh;
			shellScript = "\"${SRCROOT}/Pods/Target Support Files/Pods-MYDemoUITests/Pods-MYDemoUITests-frameworks.sh\"\n";
			showEnvVarsInLog = 0;
		};
/* End PBXShellScriptBuildPhase section */

/* Begin PBXSourcesBuildPhase section */
		A33B4B991EFE5AA200785855 /* Sources */ = {
			isa = PBXSourcesBuildPhase;
			buildActionMask = 2147483647;
			files = (
				A33B4BA11EFE5AA200785855 /* AppDelegate.swift in Sources */,
				A3D6F4401F0099D10070EE35 /* QRView.swift in Sources */,
				A304976B1F034FB1009AFCE6 /* MYViewController.swift in Sources */,
				A3B4178F1F01E9D1002D42C3 /* NetworkRequests.swift in Sources */,
				A3B417921F025DAD002D42C3 /* MineViewController.swift in Sources */,
				A3B417961F0261F6002D42C3 /* UIView+Extension.swift in Sources */,
				A304976D1F035B1A009AFCE6 /* BaseTableViewController.swift in Sources */,
				A33B4BD51EFE5FD400785855 /* UIcolor+Extension.swift in Sources */,
				A3B417941F025E68002D42C3 /* BaseViewController.swift in Sources */,
				A33B4BD31EFE5E2E00785855 /* ConstFile.swift in Sources */,
				A33B4BD91EFE612F00785855 /* RootTableViewController.swift in Sources */,
				A33B4BDB1EFE62CC00785855 /* QRCodeViewController.swift in Sources */,
			);
			runOnlyForDeploymentPostprocessing = 0;
		};
		A33B4BAD1EFE5AA200785855 /* Sources */ = {
			isa = PBXSourcesBuildPhase;
			buildActionMask = 2147483647;
			files = (
				A33B4BB61EFE5AA200785855 /* MYDemoTests.swift in Sources */,
			);
			runOnlyForDeploymentPostprocessing = 0;
		};
		A33B4BB81EFE5AA200785855 /* Sources */ = {
			isa = PBXSourcesBuildPhase;
			buildActionMask = 2147483647;
			files = (
				A33B4BC11EFE5AA200785855 /* MYDemoUITests.swift in Sources */,
			);
			runOnlyForDeploymentPostprocessing = 0;
		};
/* End PBXSourcesBuildPhase section */

/* Begin PBXTargetDependency section */
		A33B4BB31EFE5AA200785855 /* PBXTargetDependency */ = {
			isa = PBXTargetDependency;
			target = A33B4B9C1EFE5AA200785855 /* MYDemo */;
			targetProxy = A33B4BB21EFE5AA200785855 /* PBXContainerItemProxy */;
		};
		A33B4BBE1EFE5AA200785855 /* PBXTargetDependency */ = {
			isa = PBXTargetDependency;
			target = A33B4B9C1EFE5AA200785855 /* MYDemo */;
			targetProxy = A33B4BBD1EFE5AA200785855 /* PBXContainerItemProxy */;
		};
/* End PBXTargetDependency section */

/* Begin PBXVariantGroup section */
		A33B4BA41EFE5AA200785855 /* Main.storyboard */ = {
			isa = PBXVariantGroup;
			children = (
				A33B4BA51EFE5AA200785855 /* Base */,
			);
			name = Main.storyboard;
			sourceTree = "<group>";
		};
		A33B4BA91EFE5AA200785855 /* LaunchScreen.storyboard */ = {
			isa = PBXVariantGroup;
			children = (
				A33B4BAA1EFE5AA200785855 /* Base */,
			);
			name = LaunchScreen.storyboard;
			sourceTree = "<group>";
		};
/* End PBXVariantGroup section */

/* Begin XCBuildConfiguration section */
		A33B4BC31EFE5AA200785855 /* Debug */ = {
			isa = XCBuildConfiguration;
			buildSettings = {
				ALWAYS_SEARCH_USER_PATHS = NO;
				CLANG_ANALYZER_NONNULL = YES;
				CLANG_ANALYZER_NUMBER_OBJECT_CONVERSION = YES_AGGRESSIVE;
				CLANG_CXX_LANGUAGE_STANDARD = "gnu++0x";
				CLANG_CXX_LIBRARY = "libc++";
				CLANG_ENABLE_MODULES = YES;
				CLANG_ENABLE_OBJC_ARC = YES;
				CLANG_WARN_BOOL_CONVERSION = YES;
				CLANG_WARN_CONSTANT_CONVERSION = YES;
				CLANG_WARN_DIRECT_OBJC_ISA_USAGE = YES_ERROR;
				CLANG_WARN_DOCUMENTATION_COMMENTS = YES;
				CLANG_WARN_EMPTY_BODY = YES;
				CLANG_WARN_ENUM_CONVERSION = YES;
				CLANG_WARN_INFINITE_RECURSION = YES;
				CLANG_WARN_INT_CONVERSION = YES;
				CLANG_WARN_OBJC_ROOT_CLASS = YES_ERROR;
				CLANG_WARN_SUSPICIOUS_MOVE = YES;
				CLANG_WARN_UNREACHABLE_CODE = YES;
				CLANG_WARN__DUPLICATE_METHOD_MATCH = YES;
				"CODE_SIGN_IDENTITY[sdk=iphoneos*]" = "iPhone Developer";
				COPY_PHASE_STRIP = NO;
				DEBUG_INFORMATION_FORMAT = dwarf;
				ENABLE_STRICT_OBJC_MSGSEND = YES;
				ENABLE_TESTABILITY = YES;
				GCC_C_LANGUAGE_STANDARD = gnu99;
				GCC_DYNAMIC_NO_PIC = NO;
				GCC_NO_COMMON_BLOCKS = YES;
				GCC_OPTIMIZATION_LEVEL = 0;
				GCC_PREPROCESSOR_DEFINITIONS = (
					"DEBUG=1",
					"$(inherited)",
				);
				GCC_WARN_64_TO_32_BIT_CONVERSION = YES;
				GCC_WARN_ABOUT_RETURN_TYPE = YES_ERROR;
				GCC_WARN_UNDECLARED_SELECTOR = YES;
				GCC_WARN_UNINITIALIZED_AUTOS = YES_AGGRESSIVE;
				GCC_WARN_UNUSED_FUNCTION = YES;
				GCC_WARN_UNUSED_VARIABLE = YES;
				IPHONEOS_DEPLOYMENT_TARGET = 10.3;
				MTL_ENABLE_DEBUG_INFO = YES;
				ONLY_ACTIVE_ARCH = YES;
				SDKROOT = iphoneos;
				SWIFT_ACTIVE_COMPILATION_CONDITIONS = DEBUG;
				SWIFT_OPTIMIZATION_LEVEL = "-Onone";
			};
			name = Debug;
		};
		A33B4BC41EFE5AA200785855 /* Release */ = {
			isa = XCBuildConfiguration;
			buildSettings = {
				ALWAYS_SEARCH_USER_PATHS = NO;
				CLANG_ANALYZER_NONNULL = YES;
				CLANG_ANALYZER_NUMBER_OBJECT_CONVERSION = YES_AGGRESSIVE;
				CLANG_CXX_LANGUAGE_STANDARD = "gnu++0x";
				CLANG_CXX_LIBRARY = "libc++";
				CLANG_ENABLE_MODULES = YES;
				CLANG_ENABLE_OBJC_ARC = YES;
				CLANG_WARN_BOOL_CONVERSION = YES;
				CLANG_WARN_CONSTANT_CONVERSION = YES;
				CLANG_WARN_DIRECT_OBJC_ISA_USAGE = YES_ERROR;
				CLANG_WARN_DOCUMENTATION_COMMENTS = YES;
				CLANG_WARN_EMPTY_BODY = YES;
				CLANG_WARN_ENUM_CONVERSION = YES;
				CLANG_WARN_INFINITE_RECURSION = YES;
				CLANG_WARN_INT_CONVERSION = YES;
				CLANG_WARN_OBJC_ROOT_CLASS = YES_ERROR;
				CLANG_WARN_SUSPICIOUS_MOVE = YES;
				CLANG_WARN_UNREACHABLE_CODE = YES;
				CLANG_WARN__DUPLICATE_METHOD_MATCH = YES;
				"CODE_SIGN_IDENTITY[sdk=iphoneos*]" = "iPhone Developer";
				COPY_PHASE_STRIP = NO;
				DEBUG_INFORMATION_FORMAT = "dwarf-with-dsym";
				ENABLE_NS_ASSERTIONS = NO;
				ENABLE_STRICT_OBJC_MSGSEND = YES;
				GCC_C_LANGUAGE_STANDARD = gnu99;
				GCC_NO_COMMON_BLOCKS = YES;
				GCC_WARN_64_TO_32_BIT_CONVERSION = YES;
				GCC_WARN_ABOUT_RETURN_TYPE = YES_ERROR;
				GCC_WARN_UNDECLARED_SELECTOR = YES;
				GCC_WARN_UNINITIALIZED_AUTOS = YES_AGGRESSIVE;
				GCC_WARN_UNUSED_FUNCTION = YES;
				GCC_WARN_UNUSED_VARIABLE = YES;
				IPHONEOS_DEPLOYMENT_TARGET = 10.3;
				MTL_ENABLE_DEBUG_INFO = NO;
				SDKROOT = iphoneos;
				SWIFT_OPTIMIZATION_LEVEL = "-Owholemodule";
				VALIDATE_PRODUCT = YES;
			};
			name = Release;
		};
		A33B4BC61EFE5AA200785855 /* Debug */ = {
			isa = XCBuildConfiguration;
			baseConfigurationReference = BDDFFDBD0CAF770317B90DB1 /* Pods-MYDemo.debug.xcconfig */;
			buildSettings = {
				ASSETCATALOG_COMPILER_APPICON_NAME = AppIcon;
				DEVELOPMENT_TEAM = ADH9RR8C6M;
				INFOPLIST_FILE = MYDemo/Info.plist;
				IPHONEOS_DEPLOYMENT_TARGET = 8.0;
				LD_RUNPATH_SEARCH_PATHS = "$(inherited) @executable_path/Frameworks";
				OTHER_SWIFT_FLAGS = "-D DEBUG";
				PRODUCT_BUNDLE_IDENTIFIER = com.yyc.MYDemo;
				PRODUCT_NAME = "$(TARGET_NAME)";
				SWIFT_VERSION = 3.0;
			};
			name = Debug;
		};
		A33B4BC71EFE5AA200785855 /* Release */ = {
			isa = XCBuildConfiguration;
			baseConfigurationReference = CC15A15EA1A83B76966EE42D /* Pods-MYDemo.release.xcconfig */;
			buildSettings = {
				ASSETCATALOG_COMPILER_APPICON_NAME = AppIcon;
				DEVELOPMENT_TEAM = ADH9RR8C6M;
				INFOPLIST_FILE = MYDemo/Info.plist;
				IPHONEOS_DEPLOYMENT_TARGET = 8.0;
				LD_RUNPATH_SEARCH_PATHS = "$(inherited) @executable_path/Frameworks";
				PRODUCT_BUNDLE_IDENTIFIER = com.yyc.MYDemo;
				PRODUCT_NAME = "$(TARGET_NAME)";
				SWIFT_VERSION = 3.0;
			};
			name = Release;
		};
		A33B4BC91EFE5AA200785855 /* Debug */ = {
			isa = XCBuildConfiguration;
			baseConfigurationReference = 8329D19F6B6A5901A55B4B7C /* Pods-MYDemoTests.debug.xcconfig */;
			buildSettings = {
				ALWAYS_EMBED_SWIFT_STANDARD_LIBRARIES = YES;
				BUNDLE_LOADER = "$(TEST_HOST)";
				DEVELOPMENT_TEAM = ADH9RR8C6M;
				INFOPLIST_FILE = MYDemoTests/Info.plist;
				LD_RUNPATH_SEARCH_PATHS = "$(inherited) @executable_path/Frameworks @loader_path/Frameworks";
				PRODUCT_BUNDLE_IDENTIFIER = com.yyc.MYDemoTests;
				PRODUCT_NAME = "$(TARGET_NAME)";
				SWIFT_VERSION = 3.0;
				TEST_HOST = "$(BUILT_PRODUCTS_DIR)/MYDemo.app/MYDemo";
			};
			name = Debug;
		};
		A33B4BCA1EFE5AA200785855 /* Release */ = {
			isa = XCBuildConfiguration;
			baseConfigurationReference = 40A579860BD965E9F2E131E9 /* Pods-MYDemoTests.release.xcconfig */;
			buildSettings = {
				ALWAYS_EMBED_SWIFT_STANDARD_LIBRARIES = YES;
				BUNDLE_LOADER = "$(TEST_HOST)";
				DEVELOPMENT_TEAM = ADH9RR8C6M;
				INFOPLIST_FILE = MYDemoTests/Info.plist;
				LD_RUNPATH_SEARCH_PATHS = "$(inherited) @executable_path/Frameworks @loader_path/Frameworks";
				PRODUCT_BUNDLE_IDENTIFIER = com.yyc.MYDemoTests;
				PRODUCT_NAME = "$(TARGET_NAME)";
				SWIFT_VERSION = 3.0;
				TEST_HOST = "$(BUILT_PRODUCTS_DIR)/MYDemo.app/MYDemo";
			};
			name = Release;
		};
		A33B4BCC1EFE5AA200785855 /* Debug */ = {
			isa = XCBuildConfiguration;
			baseConfigurationReference = 00CDD7D4053B53EE015102C7 /* Pods-MYDemoUITests.debug.xcconfig */;
			buildSettings = {
				ALWAYS_EMBED_SWIFT_STANDARD_LIBRARIES = YES;
				DEVELOPMENT_TEAM = ADH9RR8C6M;
				INFOPLIST_FILE = MYDemoUITests/Info.plist;
				LD_RUNPATH_SEARCH_PATHS = "$(inherited) @executable_path/Frameworks @loader_path/Frameworks";
				PRODUCT_BUNDLE_IDENTIFIER = com.yyc.MYDemoUITests;
				PRODUCT_NAME = "$(TARGET_NAME)";
				SWIFT_VERSION = 3.0;
				TEST_TARGET_NAME = MYDemo;
			};
			name = Debug;
		};
		A33B4BCD1EFE5AA200785855 /* Release */ = {
			isa = XCBuildConfiguration;
			baseConfigurationReference = 9E59D92E1122316F72A78BBE /* Pods-MYDemoUITests.release.xcconfig */;
			buildSettings = {
				ALWAYS_EMBED_SWIFT_STANDARD_LIBRARIES = YES;
				DEVELOPMENT_TEAM = ADH9RR8C6M;
				INFOPLIST_FILE = MYDemoUITests/Info.plist;
				LD_RUNPATH_SEARCH_PATHS = "$(inherited) @executable_path/Frameworks @loader_path/Frameworks";
				PRODUCT_BUNDLE_IDENTIFIER = com.yyc.MYDemoUITests;
				PRODUCT_NAME = "$(TARGET_NAME)";
				SWIFT_VERSION = 3.0;
				TEST_TARGET_NAME = MYDemo;
			};
			name = Release;
		};
/* End XCBuildConfiguration section */

/* Begin XCConfigurationList section */
		A33B4B981EFE5AA200785855 /* Build configuration list for PBXProject "MYDemo" */ = {
			isa = XCConfigurationList;
			buildConfigurations = (
				A33B4BC31EFE5AA200785855 /* Debug */,
				A33B4BC41EFE5AA200785855 /* Release */,
			);
			defaultConfigurationIsVisible = 0;
			defaultConfigurationName = Release;
		};
		A33B4BC51EFE5AA200785855 /* Build configuration list for PBXNativeTarget "MYDemo" */ = {
			isa = XCConfigurationList;
			buildConfigurations = (
				A33B4BC61EFE5AA200785855 /* Debug */,
				A33B4BC71EFE5AA200785855 /* Release */,
			);
			defaultConfigurationIsVisible = 0;
			defaultConfigurationName = Release;
		};
		A33B4BC81EFE5AA200785855 /* Build configuration list for PBXNativeTarget "MYDemoTests" */ = {
			isa = XCConfigurationList;
			buildConfigurations = (
				A33B4BC91EFE5AA200785855 /* Debug */,
				A33B4BCA1EFE5AA200785855 /* Release */,
			);
			defaultConfigurationIsVisible = 0;
			defaultConfigurationName = Release;
		};
		A33B4BCB1EFE5AA200785855 /* Build configuration list for PBXNativeTarget "MYDemoUITests" */ = {
			isa = XCConfigurationList;
			buildConfigurations = (
				A33B4BCC1EFE5AA200785855 /* Debug */,
				A33B4BCD1EFE5AA200785855 /* Release */,
			);
			defaultConfigurationIsVisible = 0;
			defaultConfigurationName = Release;
		};
/* End XCConfigurationList section */
	};
	rootObject = A33B4B951EFE5AA200785855 /* Project object */;
}
